
Microsoft Visual Studio Solution File, Format Version 12.00
# Visual Studio Version 17
VisualStudioVersion = 17.5.002.0
MinimumVisualStudioVersion = 10.0.40219.1
Project("{9A19103F-16F7-4668-BE54-9A1E7A4F7556}") = "TextEditor", "TextEditor.csproj", "{30473B75-792E-4900-AA03-D7A57982065F}"
EndProject
Global
	GlobalSection(SolutionConfigurationPlatforms) = preSolution
		Debug|Any CPU = Debug|Any CPU
		Release|Any CPU = Release|Any CPU
	EndGlobalSection
	GlobalSection(ProjectConfigurationPlatforms) = postSolution
		{30473B75-792E-4900-AA03-D7A57982065F}.Debug|Any CPU.ActiveCfg = Debug|Any CPU
		{30473B75-792E-4900-AA03-D7A57982065F}.Debug|Any CPU.Build.0 = Debug|Any CPU
		{30473B75-792E-4900-AA03-D7A57982065F}.Release|Any CPU.ActiveCfg = Release|Any CPU
		{30473B75-792E-4900-AA03-D7A57982065F}.Release|Any CPU.Build.0 = Release|Any CPU
	EndGlobalSection
	GlobalSection(SolutionProperties) = preSolution
		HideSolutionNode = FALSE
	EndGlobalSection
	GlobalSection(ExtensibilityGlobals) = postSolution
		SolutionGuid = {4081E13C-B609-4C1D-B02B-7E79D2236604}
	EndGlobalSection
EndGlobal
